
Microsoft Visual Studio Solution File, Format Version 12.00
# Visual Studio Version 16
VisualStudioVersion = 16.0.30011.22
MinimumVisualStudioVersion = 10.0.40219.1
Project("{FAE04EC0-301F-11D3-BF4B-00C04F79EFBC}") = "ShuftiPro", "ShuftiPro\ShuftiPro.csproj", "{499AFB6D-654F-48DF-B193-93B09D9198AD}"
EndProject
Project("{FAE04EC0-301F-11D3-BF4B-00C04F79EFBC}") = "ShuftiPro.Tests", "ShuftiPro.Tests\ShuftiPro.Tests.csproj", "{4EFD53D7-53DB-46AE-AC2B-662C2A1C5686}"
EndProject
Global
	GlobalSection(SolutionConfigurationPlatforms) = preSolution
		Debug|Any CPU = Debug|Any CPU
		Release|Any CPU = Release|Any CPU
	EndGlobalSection
	GlobalSection(ProjectConfigurationPlatforms) = postSolution
		{499AFB6D-654F-48DF-B193-93B09D9198AD}.Debug|Any CPU.ActiveCfg = Debug|Any CPU
		{499AFB6D-654F-48DF-B193-93B09D9198AD}.Debug|Any CPU.Build.0 = Debug|Any CPU
		{499AFB6D-654F-48DF-B193-93B09D9198AD}.Release|Any CPU.ActiveCfg = Release|Any CPU
		{499AFB6D-654F-48DF-B193-93B09D9198AD}.Release|Any CPU.Build.0 = Release|Any CPU
		{4EFD53D7-53DB-46AE-AC2B-662C2A1C5686}.Debug|Any CPU.ActiveCfg = Debug|Any CPU
		{4EFD53D7-53DB-46AE-AC2B-662C2A1C5686}.Debug|Any CPU.Build.0 = Debug|Any CPU
		{4EFD53D7-53DB-46AE-AC2B-662C2A1C5686}.Release|Any CPU.ActiveCfg = Release|Any CPU
		{4EFD53D7-53DB-46AE-AC2B-662C2A1C5686}.Release|Any CPU.Build.0 = Release|Any CPU
	EndGlobalSection
	GlobalSection(SolutionProperties) = preSolution
		HideSolutionNode = FALSE
	EndGlobalSection
	GlobalSection(ExtensibilityGlobals) = postSolution
		SolutionGuid = {B7CF549A-56AA-413B-90C3-43699A3F56AC}
	EndGlobalSection
EndGlobal
